// !$*UTF8*$!
{
	archiveVersion = 1;
	classes = {
	};
	objectVersion = 55;
	objects = {

/* Begin PBXBuildFile section */
		57202BCC4B32052A6AE45610 /* Pods_e_commerce.framework in Frameworks */ = {isa = PBXBuildFile; fileRef = 3AF3D92124C3F246E110941E /* Pods_e_commerce.framework */; };
		7F3E8B9A28D9423F00FC0A6F /* MessagesViewController.swift in Sources */ = {isa = PBXBuildFile; fileRef = 7F3E8B9928D9423F00FC0A6F /* MessagesViewController.swift */; };
		7F3E8D1428D952D500FC0A6F /* MessagesTableViewCell.swift in Sources */ = {isa = PBXBuildFile; fileRef = 7F3E8D1228D952D500FC0A6F /* MessagesTableViewCell.swift */; };
		7F3E8D1528D952D500FC0A6F /* MessagesTableViewCell.xib in Resources */ = {isa = PBXBuildFile; fileRef = 7F3E8D1328D952D500FC0A6F /* MessagesTableViewCell.xib */; };
		7F43CF6728DBDF7C000C2122 /* ProductModel.swift in Sources */ = {isa = PBXBuildFile; fileRef = 7F43CF6628DBDF7C000C2122 /* ProductModel.swift */; };
		7F4DC4FF28DAEB61006B9EBC /* ForgotPasswordViewController.swift in Sources */ = {isa = PBXBuildFile; fileRef = 7F4DC4FE28DAEB61006B9EBC /* ForgotPasswordViewController.swift */; };
		7FC3239628DE85BC00B66159 /* Localizable.strings in Resources */ = {isa = PBXBuildFile; fileRef = 7FC3239828DE85BC00B66159 /* Localizable.strings */; };
		7FC3239B28DE86DD00B66159 /* ExUIKit-IBDesignable+Localize.swift in Sources */ = {isa = PBXBuildFile; fileRef = 7FC3239A28DE86DD00B66159 /* ExUIKit-IBDesignable+Localize.swift */; };
		7FC3239D28DE870200B66159 /* ExString.swift in Sources */ = {isa = PBXBuildFile; fileRef = 7FC3239C28DE870200B66159 /* ExString.swift */; };
		7FEEE55B28DAC66B00431B37 /* ProductDetailsViewController.swift in Sources */ = {isa = PBXBuildFile; fileRef = 7FEEE55A28DAC66B00431B37 /* ProductDetailsViewController.swift */; };
		7FEEE55F28DAD48B00431B37 /* ChatListViewController.swift in Sources */ = {isa = PBXBuildFile; fileRef = 7FEEE55E28DAD48B00431B37 /* ChatListViewController.swift */; };
		7FEEE56328DAD50200431B37 /* ChatTableViewCell.swift in Sources */ = {isa = PBXBuildFile; fileRef = 7FEEE56128DAD50200431B37 /* ChatTableViewCell.swift */; };
		7FEEE56428DAD50200431B37 /* ChatTableViewCell.xib in Resources */ = {isa = PBXBuildFile; fileRef = 7FEEE56228DAD50200431B37 /* ChatTableViewCell.xib */; };
		EE1C65C228BD48600018BA29 /* CardView.swift in Sources */ = {isa = PBXBuildFile; fileRef = EE1C65C128BD48600018BA29 /* CardView.swift */; };
		EE3C6E0928A198C4007F78BB /* AppDelegate.swift in Sources */ = {isa = PBXBuildFile; fileRef = EE3C6E0828A198C4007F78BB /* AppDelegate.swift */; };
		EE3C6E0B28A198C4007F78BB /* SceneDelegate.swift in Sources */ = {isa = PBXBuildFile; fileRef = EE3C6E0A28A198C4007F78BB /* SceneDelegate.swift */; };
		EE3C6E0D28A198C4007F78BB /* LoginViewController.swift in Sources */ = {isa = PBXBuildFile; fileRef = EE3C6E0C28A198C4007F78BB /* LoginViewController.swift */; };
		EE3C6E1028A198C4007F78BB /* Main.storyboard in Resources */ = {isa = PBXBuildFile; fileRef = EE3C6E0E28A198C4007F78BB /* Main.storyboard */; };
		EE3C6E1228A198C5007F78BB /* Assets.xcassets in Resources */ = {isa = PBXBuildFile; fileRef = EE3C6E1128A198C5007F78BB /* Assets.xcassets */; };
		EE3C6E1528A198C5007F78BB /* LaunchScreen.storyboard in Resources */ = {isa = PBXBuildFile; fileRef = EE3C6E1328A198C5007F78BB /* LaunchScreen.storyboard */; };
		EE40985028B6A92500CFC8A4 /* NewCollctionViewController.swift in Sources */ = {isa = PBXBuildFile; fileRef = EE40984F28B6A92500CFC8A4 /* NewCollctionViewController.swift */; };
		EE40985428B6AFB700CFC8A4 /* SubCategoriesCollectionViewCell.swift in Sources */ = {isa = PBXBuildFile; fileRef = EE40985228B6AFB600CFC8A4 /* SubCategoriesCollectionViewCell.swift */; };
		EE40985528B6AFB700CFC8A4 /* SubCategoriesCollectionViewCell.xib in Resources */ = {isa = PBXBuildFile; fileRef = EE40985328B6AFB700CFC8A4 /* SubCategoriesCollectionViewCell.xib */; };
		EE4C472E28AAC78600CE1902 /* SingUpViewController.swift in Sources */ = {isa = PBXBuildFile; fileRef = EE4C472D28AAC78500CE1902 /* SingUpViewController.swift */; };
		EE4C473028AACAAC00CE1902 /* ExUIView.swift in Sources */ = {isa = PBXBuildFile; fileRef = EE4C472F28AACAAC00CE1902 /* ExUIView.swift */; };
		EE4C473728AACFBD00CE1902 /* Roboto-Medium.ttf in Resources */ = {isa = PBXBuildFile; fileRef = EE4C473228AACFBC00CE1902 /* Roboto-Medium.ttf */; };
		EE4C473828AACFBD00CE1902 /* Roboto-Regular.ttf in Resources */ = {isa = PBXBuildFile; fileRef = EE4C473328AACFBC00CE1902 /* Roboto-Regular.ttf */; };
		EE4C473928AACFBD00CE1902 /* Roboto-Light.ttf in Resources */ = {isa = PBXBuildFile; fileRef = EE4C473428AACFBC00CE1902 /* Roboto-Light.ttf */; };
		EE4C473A28AACFBD00CE1902 /* Roboto-Black.ttf in Resources */ = {isa = PBXBuildFile; fileRef = EE4C473528AACFBD00CE1902 /* Roboto-Black.ttf */; };
		EE4C473B28AACFBD00CE1902 /* Roboto-Bold.ttf in Resources */ = {isa = PBXBuildFile; fileRef = EE4C473628AACFBD00CE1902 /* Roboto-Bold.ttf */; };
		EE69A97D28AD733E00B86B73 /* HomeViewController.swift in Sources */ = {isa = PBXBuildFile; fileRef = EE69A97C28AD733E00B86B73 /* HomeViewController.swift */; };
		EE69A98028AD75A500B86B73 /* CategoriesCollectionViewCell.swift in Sources */ = {isa = PBXBuildFile; fileRef = EE69A97E28AD75A500B86B73 /* CategoriesCollectionViewCell.swift */; };
		EE69A98128AD75A500B86B73 /* CategoriesCollectionViewCell.xib in Resources */ = {isa = PBXBuildFile; fileRef = EE69A97F28AD75A500B86B73 /* CategoriesCollectionViewCell.xib */; };
		EE7FC04828C68301007C7434 /* Typealias.swift in Sources */ = {isa = PBXBuildFile; fileRef = EE7FC04728C68301007C7434 /* Typealias.swift */; };
		EEFB596E28BFDCC400B8DB48 /* GridProductCollectionViewCell.swift in Sources */ = {isa = PBXBuildFile; fileRef = EEFB596C28BFDCC400B8DB48 /* GridProductCollectionViewCell.swift */; };
		EEFB596F28BFDCC400B8DB48 /* GridProductCollectionViewCell.xib in Resources */ = {isa = PBXBuildFile; fileRef = EEFB596D28BFDCC400B8DB48 /* GridProductCollectionViewCell.xib */; };
		EEFB597328BFDCE500B8DB48 /* ListProductCollectionViewCell.swift in Sources */ = {isa = PBXBuildFile; fileRef = EEFB597128BFDCE500B8DB48 /* ListProductCollectionViewCell.swift */; };
		EEFB597428BFDCE500B8DB48 /* ListProductCollectionViewCell.xib in Resources */ = {isa = PBXBuildFile; fileRef = EEFB597228BFDCE500B8DB48 /* ListProductCollectionViewCell.xib */; };
		EEFB597828BFEDCC00B8DB48 /* SortByViewController.swift in Sources */ = {isa = PBXBuildFile; fileRef = EEFB597728BFEDCC00B8DB48 /* SortByViewController.swift */; };
/* End PBXBuildFile section */

/* Begin PBXFileReference section */
		2280D8B6BF8DC781C5C5BC06 /* Pods-e-commerce.release.xcconfig */ = {isa = PBXFileReference; includeInIndex = 1; lastKnownFileType = text.xcconfig; name = "Pods-e-commerce.release.xcconfig"; path = "Target Support Files/Pods-e-commerce/Pods-e-commerce.release.xcconfig"; sourceTree = "<group>"; };
		271344E6FF83E1D4EC71EF10 /* Pods-e-commerce.debug.xcconfig */ = {isa = PBXFileReference; includeInIndex = 1; lastKnownFileType = text.xcconfig; name = "Pods-e-commerce.debug.xcconfig"; path = "Target Support Files/Pods-e-commerce/Pods-e-commerce.debug.xcconfig"; sourceTree = "<group>"; };
		3AF3D92124C3F246E110941E /* Pods_e_commerce.framework */ = {isa = PBXFileReference; explicitFileType = wrapper.framework; includeInIndex = 0; path = Pods_e_commerce.framework; sourceTree = BUILT_PRODUCTS_DIR; };
		7F3E8B9928D9423F00FC0A6F /* MessagesViewController.swift */ = {isa = PBXFileReference; lastKnownFileType = sourcecode.swift; path = MessagesViewController.swift; sourceTree = "<group>"; };
		7F3E8D1228D952D500FC0A6F /* MessagesTableViewCell.swift */ = {isa = PBXFileReference; lastKnownFileType = sourcecode.swift; path = MessagesTableViewCell.swift; sourceTree = "<group>"; };
		7F3E8D1328D952D500FC0A6F /* MessagesTableViewCell.xib */ = {isa = PBXFileReference; lastKnownFileType = file.xib; path = MessagesTableViewCell.xib; sourceTree = "<group>"; };
		7F43CF6628DBDF7C000C2122 /* ProductModel.swift */ = {isa = PBXFileReference; lastKnownFileType = sourcecode.swift; path = ProductModel.swift; sourceTree = "<group>"; };
		7F4DC4FE28DAEB61006B9EBC /* ForgotPasswordViewController.swift */ = {isa = PBXFileReference; lastKnownFileType = sourcecode.swift; path = ForgotPasswordViewController.swift; sourceTree = "<group>"; };
		7FAF819228DE7F4E00EC3892 /* ar */ = {isa = PBXFileReference; lastKnownFileType = text.plist.strings; name = ar; path = ar.lproj/LaunchScreen.strings; sourceTree = "<group>"; };
		7FAF819328DE7F4E00EC3892 /* ar */ = {isa = PBXFileReference; lastKnownFileType = text.plist.strings; name = ar; path = ar.lproj/Main.strings; sourceTree = "<group>"; };
		7FC3239728DE85BC00B66159 /* ar */ = {isa = PBXFileReference; lastKnownFileType = text.plist.strings; name = ar; path = ar.lproj/Localizable.strings; sourceTree = "<group>"; };
		7FC3239928DE85C100B66159 /* en */ = {isa = PBXFileReference; lastKnownFileType = text.plist.strings; name = en; path = en.lproj/Localizable.strings; sourceTree = "<group>"; };
		7FC3239A28DE86DD00B66159 /* ExUIKit-IBDesignable+Localize.swift */ = {isa = PBXFileReference; lastKnownFileType = sourcecode.swift; path = "ExUIKit-IBDesignable+Localize.swift"; sourceTree = "<group>"; };
		7FC3239C28DE870200B66159 /* ExString.swift */ = {isa = PBXFileReference; lastKnownFileType = sourcecode.swift; path = ExString.swift; sourceTree = "<group>"; };
		7FEEE55A28DAC66B00431B37 /* ProductDetailsViewController.swift */ = {isa = PBXFileReference; lastKnownFileType = sourcecode.swift; name = ProductDetailsViewController.swift; path = "e-commerce/Scenes/Main/ProductDetails/ProductDetailsViewController.swift"; sourceTree = SOURCE_ROOT; };
		7FEEE55E28DAD48B00431B37 /* ChatListViewController.swift */ = {isa = PBXFileReference; lastKnownFileType = sourcecode.swift; path = ChatListViewController.swift; sourceTree = "<group>"; };
		7FEEE56128DAD50200431B37 /* ChatTableViewCell.swift */ = {isa = PBXFileReference; lastKnownFileType = sourcecode.swift; path = ChatTableViewCell.swift; sourceTree = "<group>"; };
		7FEEE56228DAD50200431B37 /* ChatTableViewCell.xib */ = {isa = PBXFileReference; lastKnownFileType = file.xib; path = ChatTableViewCell.xib; sourceTree = "<group>"; };
		EE1C65C128BD48600018BA29 /* CardView.swift */ = {isa = PBXFileReference; lastKnownFileType = sourcecode.swift; path = CardView.swift; sourceTree = "<group>"; };
		EE3C6E0528A198C4007F78BB /* e-commerce.app */ = {isa = PBXFileReference; explicitFileType = wrapper.application; includeInIndex = 0; path = "e-commerce.app"; sourceTree = BUILT_PRODUCTS_DIR; };
		EE3C6E0828A198C4007F78BB /* AppDelegate.swift */ = {isa = PBXFileReference; lastKnownFileType = sourcecode.swift; path = AppDelegate.swift; sourceTree = "<group>"; };
		EE3C6E0A28A198C4007F78BB /* SceneDelegate.swift */ = {isa = PBXFileReference; lastKnownFileType = sourcecode.swift; path = SceneDelegate.swift; sourceTree = "<group>"; };
		EE3C6E0C28A198C4007F78BB /* LoginViewController.swift */ = {isa = PBXFileReference; lastKnownFileType = sourcecode.swift; path = LoginViewController.swift; sourceTree = "<group>"; };
		EE3C6E0F28A198C4007F78BB /* Base */ = {isa = PBXFileReference; lastKnownFileType = file.storyboard; name = Base; path = Base.lproj/Main.storyboard; sourceTree = "<group>"; };
		EE3C6E1128A198C5007F78BB /* Assets.xcassets */ = {isa = PBXFileReference; lastKnownFileType = folder.assetcatalog; path = Assets.xcassets; sourceTree = "<group>"; };
		EE3C6E1428A198C5007F78BB /* Base */ = {isa = PBXFileReference; lastKnownFileType = file.storyboard; name = Base; path = Base.lproj/LaunchScreen.storyboard; sourceTree = "<group>"; };
		EE3C6E1628A198C5007F78BB /* Info.plist */ = {isa = PBXFileReference; lastKnownFileType = text.plist.xml; path = Info.plist; sourceTree = "<group>"; };
		EE40984F28B6A92500CFC8A4 /* NewCollctionViewController.swift */ = {isa = PBXFileReference; lastKnownFileType = sourcecode.swift; path = NewCollctionViewController.swift; sourceTree = "<group>"; };
		EE40985228B6AFB600CFC8A4 /* SubCategoriesCollectionViewCell.swift */ = {isa = PBXFileReference; lastKnownFileType = sourcecode.swift; path = SubCategoriesCollectionViewCell.swift; sourceTree = "<group>"; };
		EE40985328B6AFB700CFC8A4 /* SubCategoriesCollectionViewCell.xib */ = {isa = PBXFileReference; lastKnownFileType = file.xib; path = SubCategoriesCollectionViewCell.xib; sourceTree = "<group>"; };
		EE4C472D28AAC78500CE1902 /* SingUpViewController.swift */ = {isa = PBXFileReference; lastKnownFileType = sourcecode.swift; path = SingUpViewController.swift; sourceTree = "<group>"; };
		EE4C472F28AACAAC00CE1902 /* ExUIView.swift */ = {isa = PBXFileReference; lastKnownFileType = sourcecode.swift; path = ExUIView.swift; sourceTree = "<group>"; };
		EE4C473228AACFBC00CE1902 /* Roboto-Medium.ttf */ = {isa = PBXFileReference; lastKnownFileType = file; path = "Roboto-Medium.ttf"; sourceTree = "<group>"; };
		EE4C473328AACFBC00CE1902 /* Roboto-Regular.ttf */ = {isa = PBXFileReference; lastKnownFileType = file; path = "Roboto-Regular.ttf"; sourceTree = "<group>"; };
		EE4C473428AACFBC00CE1902 /* Roboto-Light.ttf */ = {isa = PBXFileReference; lastKnownFileType = file; path = "Roboto-Light.ttf"; sourceTree = "<group>"; };
		EE4C473528AACFBD00CE1902 /* Roboto-Black.ttf */ = {isa = PBXFileReference; lastKnownFileType = file; path = "Roboto-Black.ttf"; sourceTree = "<group>"; };
		EE4C473628AACFBD00CE1902 /* Roboto-Bold.ttf */ = {isa = PBXFileReference; lastKnownFileType = file; path = "Roboto-Bold.ttf"; sourceTree = "<group>"; };
		EE69A97C28AD733E00B86B73 /* HomeViewController.swift */ = {isa = PBXFileReference; lastKnownFileType = sourcecode.swift; path = HomeViewController.swift; sourceTree = "<group>"; };
		EE69A97E28AD75A500B86B73 /* CategoriesCollectionViewCell.swift */ = {isa = PBXFileReference; lastKnownFileType = sourcecode.swift; path = CategoriesCollectionViewCell.swift; sourceTree = "<group>"; };
		EE69A97F28AD75A500B86B73 /* CategoriesCollectionViewCell.xib */ = {isa = PBXFileReference; lastKnownFileType = file.xib; path = CategoriesCollectionViewCell.xib; sourceTree = "<group>"; };
		EE7FC04728C68301007C7434 /* Typealias.swift */ = {isa = PBXFileReference; lastKnownFileType = sourcecode.swift; path = Typealias.swift; sourceTree = "<group>"; };
		EEFB596C28BFDCC400B8DB48 /* GridProductCollectionViewCell.swift */ = {isa = PBXFileReference; lastKnownFileType = sourcecode.swift; path = GridProductCollectionViewCell.swift; sourceTree = "<group>"; };
		EEFB596D28BFDCC400B8DB48 /* GridProductCollectionViewCell.xib */ = {isa = PBXFileReference; lastKnownFileType = file.xib; path = GridProductCollectionViewCell.xib; sourceTree = "<group>"; };
		EEFB597128BFDCE500B8DB48 /* ListProductCollectionViewCell.swift */ = {isa = PBXFileReference; lastKnownFileType = sourcecode.swift; path = ListProductCollectionViewCell.swift; sourceTree = "<group>"; };
		EEFB597228BFDCE500B8DB48 /* ListProductCollectionViewCell.xib */ = {isa = PBXFileReference; lastKnownFileType = file.xib; path = ListProductCollectionViewCell.xib; sourceTree = "<group>"; };
		EEFB597728BFEDCC00B8DB48 /* SortByViewController.swift */ = {isa = PBXFileReference; lastKnownFileType = sourcecode.swift; path = SortByViewController.swift; sourceTree = "<group>"; };
/* End PBXFileReference section */

/* Begin PBXFrameworksBuildPhase section */
		EE3C6E0228A198C4007F78BB /* Frameworks */ = {
			isa = PBXFrameworksBuildPhase;
			buildActionMask = 2147483647;
			files = (
				57202BCC4B32052A6AE45610 /* Pods_e_commerce.framework in Frameworks */,
			);
			runOnlyForDeploymentPostprocessing = 0;
		};
/* End PBXFrameworksBuildPhase section */

/* Begin PBXGroup section */
		7F3E8B9828D9420500FC0A6F /* Messages */ = {
			isa = PBXGroup;
			children = (
				7F3E8D1128D9529200FC0A6F /* Cell */,
				7F3E8B9928D9423F00FC0A6F /* MessagesViewController.swift */,
			);
			path = Messages;
			sourceTree = "<group>";
		};
		7F3E8D1128D9529200FC0A6F /* Cell */ = {
			isa = PBXGroup;
			children = (
				7F3E8D1228D952D500FC0A6F /* MessagesTableViewCell.swift */,
				7F3E8D1328D952D500FC0A6F /* MessagesTableViewCell.xib */,
			);
			path = Cell;
			sourceTree = "<group>";
		};
		7F43CF6528DBDF56000C2122 /* Structs */ = {
			isa = PBXGroup;
			children = (
				7F43CF6628DBDF7C000C2122 /* ProductModel.swift */,
			);
			path = Structs;
			sourceTree = "<group>";
		};
		7F4DC4FD28DADAE9006B9EBC /* ProductDetails */ = {
			isa = PBXGroup;
			children = (
				7FEEE55A28DAC66B00431B37 /* ProductDetailsViewController.swift */,
			);
			path = ProductDetails;
			sourceTree = "<group>";
		};
		7FC3239328DE854500B66159 /* Localizable */ = {
			isa = PBXGroup;
			children = (
				7FC3239828DE85BC00B66159 /* Localizable.strings */,
			);
			path = Localizable;
			sourceTree = "<group>";
		};
		7FEEE55C28DAD42A00431B37 /* ChatList */ = {
			isa = PBXGroup;
			children = (
				7FEEE56028DAD4E000431B37 /* Cell */,
				7FEEE55E28DAD48B00431B37 /* ChatListViewController.swift */,
			);
			path = ChatList;
			sourceTree = "<group>";
		};
		7FEEE55D28DAD44900431B37 /* Message List */ = {
			isa = PBXGroup;
			children = (
			);
			path = "Message List";
			sourceTree = "<group>";
		};
		7FEEE56028DAD4E000431B37 /* Cell */ = {
			isa = PBXGroup;
			children = (
				7FEEE56128DAD50200431B37 /* ChatTableViewCell.swift */,
				7FEEE56228DAD50200431B37 /* ChatTableViewCell.xib */,
			);
			path = Cell;
			sourceTree = "<group>";
		};
		912A349BD89042BED7669DDB /* Pods */ = {
			isa = PBXGroup;
			children = (
				271344E6FF83E1D4EC71EF10 /* Pods-e-commerce.debug.xcconfig */,
				2280D8B6BF8DC781C5C5BC06 /* Pods-e-commerce.release.xcconfig */,
			);
			name = Pods;
			path = Pods;
			sourceTree = "<group>";
		};
		EE018E0028AD6AE300F8200E /* Core */ = {
			isa = PBXGroup;
			children = (
				EE3C6E0828A198C4007F78BB /* AppDelegate.swift */,
				EE3C6E0A28A198C4007F78BB /* SceneDelegate.swift */,
			);
			path = Core;
			sourceTree = "<group>";
		};
		EE018E0128AD6B0400F8200E /* Resources */ = {
			isa = PBXGroup;
			children = (
				EE3C6E1328A198C5007F78BB /* LaunchScreen.storyboard */,
				EE3C6E1628A198C5007F78BB /* Info.plist */,
				EE3C6E1128A198C5007F78BB /* Assets.xcassets */,
				EE4C473128AACF9600CE1902 /* Font */,
			);
			path = Resources;
			sourceTree = "<group>";
		};
		EE018E0228AD6B4400F8200E /* Scenes */ = {
			isa = PBXGroup;
			children = (
				EE3C6E0E28A198C4007F78BB /* Main.storyboard */,
				EE69A97A28AD72E900B86B73 /* Main */,
				EE018E0328AD6B5500F8200E /* Auth */,
			);
			path = Scenes;
			sourceTree = "<group>";
		};
		EE018E0328AD6B5500F8200E /* Auth */ = {
			isa = PBXGroup;
			children = (
				EE3C6E0C28A198C4007F78BB /* LoginViewController.swift */,
				EE4C472D28AAC78500CE1902 /* SingUpViewController.swift */,
				7F4DC4FE28DAEB61006B9EBC /* ForgotPasswordViewController.swift */,
			);
			path = Auth;
			sourceTree = "<group>";
		};
		EE018E0428AD6BCC00F8200E /* Helper */ = {
			isa = PBXGroup;
			children = (
				7F43CF6528DBDF56000C2122 /* Structs */,
				EEFB597528BFE81D00B8DB48 /* Classes */,
				EE018E0528AD6BD600F8200E /* Extension */,
			);
			path = Helper;
			sourceTree = "<group>";
		};
		EE018E0528AD6BD600F8200E /* Extension */ = {
			isa = PBXGroup;
			children = (
				EE4C472F28AACAAC00CE1902 /* ExUIView.swift */,
				7FC3239A28DE86DD00B66159 /* ExUIKit-IBDesignable+Localize.swift */,
				7FC3239C28DE870200B66159 /* ExString.swift */,
			);
			path = Extension;
			sourceTree = "<group>";
		};
		EE3C6DFC28A198C4007F78BB = {
			isa = PBXGroup;
			children = (
				EE3C6E0728A198C4007F78BB /* e-commerce */,
				EE3C6E0628A198C4007F78BB /* Products */,
				912A349BD89042BED7669DDB /* Pods */,
				F5CE5A8989AFFCD3DFFB489C /* Frameworks */,
			);
			sourceTree = "<group>";
		};
		EE3C6E0628A198C4007F78BB /* Products */ = {
			isa = PBXGroup;
			children = (
				EE3C6E0528A198C4007F78BB /* e-commerce.app */,
			);
			name = Products;
			sourceTree = "<group>";
		};
		EE3C6E0728A198C4007F78BB /* e-commerce */ = {
			isa = PBXGroup;
			children = (
				7FC3239328DE854500B66159 /* Localizable */,
				EE018E0028AD6AE300F8200E /* Core */,
				EE018E0128AD6B0400F8200E /* Resources */,
				EE018E0428AD6BCC00F8200E /* Helper */,
				EE018E0228AD6B4400F8200E /* Scenes */,
			);
			path = "e-commerce";
			sourceTree = "<group>";
		};
		EE40984C28B6A8A200CFC8A4 /* Home  */ = {
			isa = PBXGroup;
			children = (
				EE40984D28B6A8B000CFC8A4 /* Cell */,
				EE69A97C28AD733E00B86B73 /* HomeViewController.swift */,
			);
			path = "Home ";
			sourceTree = "<group>";
		};
		EE40984D28B6A8B000CFC8A4 /* Cell */ = {
			isa = PBXGroup;
			children = (
				EE69A97E28AD75A500B86B73 /* CategoriesCollectionViewCell.swift */,
				EE69A97F28AD75A500B86B73 /* CategoriesCollectionViewCell.xib */,
			);
			path = Cell;
			sourceTree = "<group>";
		};
		EE40984E28B6A8DD00CFC8A4 /* New Collction */ = {
			isa = PBXGroup;
			children = (
				EE40985128B6AF6800CFC8A4 /* Cell */,
				EE40984F28B6A92500CFC8A4 /* NewCollctionViewController.swift */,
			);
			path = "New Collction";
			sourceTree = "<group>";
		};
		EE40985128B6AF6800CFC8A4 /* Cell */ = {
			isa = PBXGroup;
			children = (
				EE40985228B6AFB600CFC8A4 /* SubCategoriesCollectionViewCell.swift */,
				EE40985328B6AFB700CFC8A4 /* SubCategoriesCollectionViewCell.xib */,
				EEFB596C28BFDCC400B8DB48 /* GridProductCollectionViewCell.swift */,
				EEFB596D28BFDCC400B8DB48 /* GridProductCollectionViewCell.xib */,
				EEFB597128BFDCE500B8DB48 /* ListProductCollectionViewCell.swift */,
				EEFB597228BFDCE500B8DB48 /* ListProductCollectionViewCell.xib */,
			);
			path = Cell;
			sourceTree = "<group>";
		};
		EE4C473128AACF9600CE1902 /* Font */ = {
			isa = PBXGroup;
			children = (
				EE4C473528AACFBD00CE1902 /* Roboto-Black.ttf */,
				EE4C473628AACFBD00CE1902 /* Roboto-Bold.ttf */,
				EE4C473428AACFBC00CE1902 /* Roboto-Light.ttf */,
				EE4C473228AACFBC00CE1902 /* Roboto-Medium.ttf */,
				EE4C473328AACFBC00CE1902 /* Roboto-Regular.ttf */,
			);
			path = Font;
			sourceTree = "<group>";
		};
		EE69A97A28AD72E900B86B73 /* Main */ = {
			isa = PBXGroup;
			children = (
				7F4DC4FD28DADAE9006B9EBC /* ProductDetails */,
				7FEEE55D28DAD44900431B37 /* Message List */,
				7FEEE55C28DAD42A00431B37 /* ChatList */,
				7F3E8B9828D9420500FC0A6F /* Messages */,
				EEFB597628BFED8B00B8DB48 /* Sort By */,
				EE40984E28B6A8DD00CFC8A4 /* New Collction */,
				EE40984C28B6A8A200CFC8A4 /* Home  */,
			);
			path = Main;
			sourceTree = "<group>";
		};
		EEFB597528BFE81D00B8DB48 /* Classes */ = {
			isa = PBXGroup;
			children = (
				EE1C65C128BD48600018BA29 /* CardView.swift */,
				EE7FC04728C68301007C7434 /* Typealias.swift */,
			);
			path = Classes;
			sourceTree = "<group>";
		};
		EEFB597628BFED8B00B8DB48 /* Sort By */ = {
			isa = PBXGroup;
			children = (
				EEFB597728BFEDCC00B8DB48 /* SortByViewController.swift */,
			);
			path = "Sort By";
			sourceTree = "<group>";
		};
		F5CE5A8989AFFCD3DFFB489C /* Frameworks */ = {
			isa = PBXGroup;
			children = (
				3AF3D92124C3F246E110941E /* Pods_e_commerce.framework */,
			);
			name = Frameworks;
			sourceTree = "<group>";
		};
/* End PBXGroup section */

/* Begin PBXNativeTarget section */
		EE3C6E0428A198C4007F78BB /* e-commerce */ = {
			isa = PBXNativeTarget;
			buildConfigurationList = EE3C6E1928A198C5007F78BB /* Build configuration list for PBXNativeTarget "e-commerce" */;
			buildPhases = (
				39016CD78D08B46DF6EE13A5 /* [CP] Check Pods Manifest.lock */,
				EE3C6E0128A198C4007F78BB /* Sources */,
				EE3C6E0228A198C4007F78BB /* Frameworks */,
				EE3C6E0328A198C4007F78BB /* Resources */,
				26528B01162350C1814C563D /* [CP] Embed Pods Frameworks */,
			);
			buildRules = (
			);
			dependencies = (
			);
			name = "e-commerce";
			productName = "e-commerce";
			productReference = EE3C6E0528A198C4007F78BB /* e-commerce.app */;
			productType = "com.apple.product-type.application";
		};
/* End PBXNativeTarget section */

/* Begin PBXProject section */
		EE3C6DFD28A198C4007F78BB /* Project object */ = {
			isa = PBXProject;
			attributes = {
				BuildIndependentTargetsInParallel = 1;
				LastSwiftUpdateCheck = 1340;
				LastUpgradeCheck = 1340;
				TargetAttributes = {
					EE3C6E0428A198C4007F78BB = {
						CreatedOnToolsVersion = 13.4.1;
					};
				};
			};
			buildConfigurationList = EE3C6E0028A198C4007F78BB /* Build configuration list for PBXProject "e-commerce" */;
			compatibilityVersion = "Xcode 13.0";
			developmentRegion = en;
			hasScannedForEncodings = 0;
			knownRegions = (
				en,
				Base,
				ar,
			);
			mainGroup = EE3C6DFC28A198C4007F78BB;
			productRefGroup = EE3C6E0628A198C4007F78BB /* Products */;
			projectDirPath = "";
			projectRoot = "";
			targets = (
				EE3C6E0428A198C4007F78BB /* e-commerce */,
			);
		};
/* End PBXProject section */

/* Begin PBXResourcesBuildPhase section */
		EE3C6E0328A198C4007F78BB /* Resources */ = {
			isa = PBXResourcesBuildPhase;
			buildActionMask = 2147483647;
			files = (
				EE4C473728AACFBD00CE1902 /* Roboto-Medium.ttf in Resources */,
				EE3C6E1528A198C5007F78BB /* LaunchScreen.storyboard in Resources */,
				EE69A98128AD75A500B86B73 /* CategoriesCollectionViewCell.xib in Resources */,
				EE4C473928AACFBD00CE1902 /* Roboto-Light.ttf in Resources */,
				EE4C473828AACFBD00CE1902 /* Roboto-Regular.ttf in Resources */,
				7FEEE56428DAD50200431B37 /* ChatTableViewCell.xib in Resources */,
				7F3E8D1528D952D500FC0A6F /* MessagesTableViewCell.xib in Resources */,
				EEFB597428BFDCE500B8DB48 /* ListProductCollectionViewCell.xib in Resources */,
				EE40985528B6AFB700CFC8A4 /* SubCategoriesCollectionViewCell.xib in Resources */,
				EE4C473A28AACFBD00CE1902 /* Roboto-Black.ttf in Resources */,
				7FC3239628DE85BC00B66159 /* Localizable.strings in Resources */,
				EEFB596F28BFDCC400B8DB48 /* GridProductCollectionViewCell.xib in Resources */,
				EE3C6E1228A198C5007F78BB /* Assets.xcassets in Resources */,
				EE4C473B28AACFBD00CE1902 /* Roboto-Bold.ttf in Resources */,
				EE3C6E1028A198C4007F78BB /* Main.storyboard in Resources */,
			);
			runOnlyForDeploymentPostprocessing = 0;
		};
/* End PBXResourcesBuildPhase section */

/* Begin PBXShellScriptBuildPhase section */
		26528B01162350C1814C563D /* [CP] Embed Pods Frameworks */ = {
			isa = PBXShellScriptBuildPhase;
			buildActionMask = 2147483647;
			files = (
			);
			inputFileListPaths = (
				"${PODS_ROOT}/Target Support Files/Pods-e-commerce/Pods-e-commerce-frameworks-${CONFIGURATION}-input-files.xcfilelist",
			);
			name = "[CP] Embed Pods Frameworks";
			outputFileListPaths = (
				"${PODS_ROOT}/Target Support Files/Pods-e-commerce/Pods-e-commerce-frameworks-${CONFIGURATION}-output-files.xcfilelist",
			);
			runOnlyForDeploymentPostprocessing = 0;
			shellPath = /bin/sh;
			shellScript = "\"${PODS_ROOT}/Target Support Files/Pods-e-commerce/Pods-e-commerce-frameworks.sh\"\n";
			showEnvVarsInLog = 0;
		};
		39016CD78D08B46DF6EE13A5 /* [CP] Check Pods Manifest.lock */ = {
			isa = PBXShellScriptBuildPhase;
			buildActionMask = 2147483647;
			files = (
			);
			inputFileListPaths = (
			);
			inputPaths = (
				"${PODS_PODFILE_DIR_PATH}/Podfile.lock",
				"${PODS_ROOT}/Manifest.lock",
			);
			name = "[CP] Check Pods Manifest.lock";
			outputFileListPaths = (
			);
			outputPaths = (
				"$(DERIVED_FILE_DIR)/Pods-e-commerce-checkManifestLockResult.txt",
			);
			runOnlyForDeploymentPostprocessing = 0;
			shellPath = /bin/sh;
			shellScript = "diff \"${PODS_PODFILE_DIR_PATH}/Podfile.lock\" \"${PODS_ROOT}/Manifest.lock\" > /dev/null\nif [ $? != 0 ] ; then\n    # print error to STDERR\n    echo \"error: The sandbox is not in sync with the Podfile.lock. Run 'pod install' or update your CocoaPods installation.\" >&2\n    exit 1\nfi\n# This output is used by Xcode 'outputs' to avoid re-running this script phase.\necho \"SUCCESS\" > \"${SCRIPT_OUTPUT_FILE_0}\"\n";
			showEnvVarsInLog = 0;
		};
/* End PBXShellScriptBuildPhase section */

/* Begin PBXSourcesBuildPhase section */
		EE3C6E0128A198C4007F78BB /* Sources */ = {
			isa = PBXSourcesBuildPhase;
			buildActionMask = 2147483647;
			files = (
				EE40985428B6AFB700CFC8A4 /* SubCategoriesCollectionViewCell.swift in Sources */,
				EE4C473028AACAAC00CE1902 /* ExUIView.swift in Sources */,
				7F3E8D1428D952D500FC0A6F /* MessagesTableViewCell.swift in Sources */,
				EE69A98028AD75A500B86B73 /* CategoriesCollectionViewCell.swift in Sources */,
				EE3C6E0D28A198C4007F78BB /* LoginViewController.swift in Sources */,
				7FEEE56328DAD50200431B37 /* ChatTableViewCell.swift in Sources */,
				EE3C6E0928A198C4007F78BB /* AppDelegate.swift in Sources */,
				7FEEE55F28DAD48B00431B37 /* ChatListViewController.swift in Sources */,
				EE4C472E28AAC78600CE1902 /* SingUpViewController.swift in Sources */,
				EE7FC04828C68301007C7434 /* Typealias.swift in Sources */,
				EE3C6E0B28A198C4007F78BB /* SceneDelegate.swift in Sources */,
				7FEEE55B28DAC66B00431B37 /* ProductDetailsViewController.swift in Sources */,
				EEFB596E28BFDCC400B8DB48 /* GridProductCollectionViewCell.swift in Sources */,
				7FC3239D28DE870200B66159 /* ExString.swift in Sources */,
				EEFB597828BFEDCC00B8DB48 /* SortByViewController.swift in Sources */,
				EE40985028B6A92500CFC8A4 /* NewCollctionViewController.swift in Sources */,
				EE1C65C228BD48600018BA29 /* CardView.swift in Sources */,
				7F4DC4FF28DAEB61006B9EBC /* ForgotPasswordViewController.swift in Sources */,
				EEFB597328BFDCE500B8DB48 /* ListProductCollectionViewCell.swift in Sources */,
				7F3E8B9A28D9423F00FC0A6F /* MessagesViewController.swift in Sources */,
				7FC3239B28DE86DD00B66159 /* ExUIKit-IBDesignable+Localize.swift in Sources */,
				7F43CF6728DBDF7C000C2122 /* ProductModel.swift in Sources */,
				EE69A97D28AD733E00B86B73 /* HomeViewController.swift in Sources */,
			);
			runOnlyForDeploymentPostprocessing = 0;
		};
/* End PBXSourcesBuildPhase section */

/* Begin PBXVariantGroup section */
		7FC3239828DE85BC00B66159 /* Localizable.strings */ = {
			isa = PBXVariantGroup;
			children = (
				7FC3239728DE85BC00B66159 /* ar */,
				7FC3239928DE85C100B66159 /* en */,
			);
			name = Localizable.strings;
			sourceTree = "<group>";
		};
		EE3C6E0E28A198C4007F78BB /* Main.storyboard */ = {
			isa = PBXVariantGroup;
			children = (
				EE3C6E0F28A198C4007F78BB /* Base */,
				7FAF819328DE7F4E00EC3892 /* ar */,
			);
			name = Main.storyboard;
			sourceTree = "<group>";
		};
		EE3C6E1328A198C5007F78BB /* LaunchScreen.storyboard */ = {
			isa = PBXVariantGroup;
			children = (
				EE3C6E1428A198C5007F78BB /* Base */,
				7FAF819228DE7F4E00EC3892 /* ar */,
			);
			name = LaunchScreen.storyboard;
			sourceTree = "<group>";
		};
/* End PBXVariantGroup section */

/* Begin XCBuildConfiguration section */
		EE3C6E1728A198C5007F78BB /* Debug */ = {
			isa = XCBuildConfiguration;
			buildSettings = {
				ALWAYS_SEARCH_USER_PATHS = NO;
				CLANG_ANALYZER_LOCALIZABILITY_NONLOCALIZED = YES;
				CLANG_ANALYZER_NONNULL = YES;
				CLANG_ANALYZER_NUMBER_OBJECT_CONVERSION = YES_AGGRESSIVE;
				CLANG_CXX_LANGUAGE_STANDARD = "gnu++17";
				CLANG_ENABLE_MODULES = YES;
				CLANG_ENABLE_OBJC_ARC = YES;
				CLANG_ENABLE_OBJC_WEAK = YES;
				CLANG_WARN_BLOCK_CAPTURE_AUTORELEASING = YES;
				CLANG_WARN_BOOL_CONVERSION = YES;
				CLANG_WARN_COMMA = YES;
				CLANG_WARN_CONSTANT_CONVERSION = YES;
				CLANG_WARN_DEPRECATED_OBJC_IMPLEMENTATIONS = YES;
				CLANG_WARN_DIRECT_OBJC_ISA_USAGE = YES_ERROR;
				CLANG_WARN_DOCUMENTATION_COMMENTS = YES;
				CLANG_WARN_EMPTY_BODY = YES;
				CLANG_WARN_ENUM_CONVERSION = YES;
				CLANG_WARN_INFINITE_RECURSION = YES;
				CLANG_WARN_INT_CONVERSION = YES;
				CLANG_WARN_NON_LITERAL_NULL_CONVERSION = YES;
				CLANG_WARN_OBJC_IMPLICIT_RETAIN_SELF = YES;
				CLANG_WARN_OBJC_LITERAL_CONVERSION = YES;
				CLANG_WARN_OBJC_ROOT_CLASS = YES_ERROR;
				CLANG_WARN_QUOTED_INCLUDE_IN_FRAMEWORK_HEADER = YES;
				CLANG_WARN_RANGE_LOOP_ANALYSIS = YES;
				CLANG_WARN_STRICT_PROTOTYPES = YES;
				CLANG_WARN_SUSPICIOUS_MOVE = YES;
				CLANG_WARN_UNGUARDED_AVAILABILITY = YES_AGGRESSIVE;
				CLANG_WARN_UNREACHABLE_CODE = YES;
				CLANG_WARN__DUPLICATE_METHOD_MATCH = YES;
				COPY_PHASE_STRIP = NO;
				DEBUG_INFORMATION_FORMAT = dwarf;
				ENABLE_STRICT_OBJC_MSGSEND = YES;
				ENABLE_TESTABILITY = YES;
				GCC_C_LANGUAGE_STANDARD = gnu11;
				GCC_DYNAMIC_NO_PIC = NO;
				GCC_NO_COMMON_BLOCKS = YES;
				GCC_OPTIMIZATION_LEVEL = 0;
				GCC_PREPROCESSOR_DEFINITIONS = (
					"DEBUG=1",
					"$(inherited)",
				);
				GCC_WARN_64_TO_32_BIT_CONVERSION = YES;
				GCC_WARN_ABOUT_RETURN_TYPE = YES_ERROR;
				GCC_WARN_UNDECLARED_SELECTOR = YES;
				GCC_WARN_UNINITIALIZED_AUTOS = YES_AGGRESSIVE;
				GCC_WARN_UNUSED_FUNCTION = YES;
				GCC_WARN_UNUSED_VARIABLE = YES;
				IPHONEOS_DEPLOYMENT_TARGET = 15.5;
				MTL_ENABLE_DEBUG_INFO = INCLUDE_SOURCE;
				MTL_FAST_MATH = YES;
				ONLY_ACTIVE_ARCH = YES;
				SDKROOT = iphoneos;
				SWIFT_ACTIVE_COMPILATION_CONDITIONS = DEBUG;
				SWIFT_OPTIMIZATION_LEVEL = "-Onone";
			};
			name = Debug;
		};
		EE3C6E1828A198C5007F78BB /* Release */ = {
			isa = XCBuildConfiguration;
			buildSettings = {
				ALWAYS_SEARCH_USER_PATHS = NO;
				CLANG_ANALYZER_LOCALIZABILITY_NONLOCALIZED = YES;
				CLANG_ANALYZER_NONNULL = YES;
				CLANG_ANALYZER_NUMBER_OBJECT_CONVERSION = YES_AGGRESSIVE;
				CLANG_CXX_LANGUAGE_STANDARD = "gnu++17";
				CLANG_ENABLE_MODULES = YES;
				CLANG_ENABLE_OBJC_ARC = YES;
				CLANG_ENABLE_OBJC_WEAK = YES;
				CLANG_WARN_BLOCK_CAPTURE_AUTORELEASING = YES;
				CLANG_WARN_BOOL_CONVERSION = YES;
				CLANG_WARN_COMMA = YES;
				CLANG_WARN_CONSTANT_CONVERSION = YES;
				CLANG_WARN_DEPRECATED_OBJC_IMPLEMENTATIONS = YES;
				CLANG_WARN_DIRECT_OBJC_ISA_USAGE = YES_ERROR;
				CLANG_WARN_DOCUMENTATION_COMMENTS = YES;
				CLANG_WARN_EMPTY_BODY = YES;
				CLANG_WARN_ENUM_CONVERSION = YES;
				CLANG_WARN_INFINITE_RECURSION = YES;
				CLANG_WARN_INT_CONVERSION = YES;
				CLANG_WARN_NON_LITERAL_NULL_CONVERSION = YES;
				CLANG_WARN_OBJC_IMPLICIT_RETAIN_SELF = YES;
				CLANG_WARN_OBJC_LITERAL_CONVERSION = YES;
				CLANG_WARN_OBJC_ROOT_CLASS = YES_ERROR;
				CLANG_WARN_QUOTED_INCLUDE_IN_FRAMEWORK_HEADER = YES;
				CLANG_WARN_RANGE_LOOP_ANALYSIS = YES;
				CLANG_WARN_STRICT_PROTOTYPES = YES;
				CLANG_WARN_SUSPICIOUS_MOVE = YES;
				CLANG_WARN_UNGUARDED_AVAILABILITY = YES_AGGRESSIVE;
				CLANG_WARN_UNREACHABLE_CODE = YES;
				CLANG_WARN__DUPLICATE_METHOD_MATCH = YES;
				COPY_PHASE_STRIP = NO;
				DEBUG_INFORMATION_FORMAT = "dwarf-with-dsym";
				ENABLE_NS_ASSERTIONS = NO;
				ENABLE_STRICT_OBJC_MSGSEND = YES;
				GCC_C_LANGUAGE_STANDARD = gnu11;
				GCC_NO_COMMON_BLOCKS = YES;
				GCC_WARN_64_TO_32_BIT_CONVERSION = YES;
				GCC_WARN_ABOUT_RETURN_TYPE = YES_ERROR;
				GCC_WARN_UNDECLARED_SELECTOR = YES;
				GCC_WARN_UNINITIALIZED_AUTOS = YES_AGGRESSIVE;
				GCC_WARN_UNUSED_FUNCTION = YES;
				GCC_WARN_UNUSED_VARIABLE = YES;
				IPHONEOS_DEPLOYMENT_TARGET = 15.5;
				MTL_ENABLE_DEBUG_INFO = NO;
				MTL_FAST_MATH = YES;
				SDKROOT = iphoneos;
				SWIFT_COMPILATION_MODE = wholemodule;
				SWIFT_OPTIMIZATION_LEVEL = "-O";
				VALIDATE_PRODUCT = YES;
			};
			name = Release;
		};
		EE3C6E1A28A198C5007F78BB /* Debug */ = {
			isa = XCBuildConfiguration;
			baseConfigurationReference = 271344E6FF83E1D4EC71EF10 /* Pods-e-commerce.debug.xcconfig */;
			buildSettings = {
				ASSETCATALOG_COMPILER_APPICON_NAME = AppIcon;
				ASSETCATALOG_COMPILER_GLOBAL_ACCENT_COLOR_NAME = AccentColor;
				CODE_SIGN_IDENTITY = "Apple Development";
				CODE_SIGN_STYLE = Automatic;
				CURRENT_PROJECT_VERSION = 1;
				DEVELOPMENT_TEAM = G2KS84NP5P;
				GENERATE_INFOPLIST_FILE = YES;
				INFOPLIST_FILE = "e-commerce/Resources/Info.plist";
				INFOPLIST_KEY_UIApplicationSupportsIndirectInputEvents = YES;
				INFOPLIST_KEY_UILaunchStoryboardName = LaunchScreen;
				INFOPLIST_KEY_UIMainStoryboardFile = Main;
				INFOPLIST_KEY_UISupportedInterfaceOrientations_iPad = "UIInterfaceOrientationPortrait UIInterfaceOrientationPortraitUpsideDown UIInterfaceOrientationLandscapeLeft UIInterfaceOrientationLandscapeRight";
				INFOPLIST_KEY_UISupportedInterfaceOrientations_iPhone = "UIInterfaceOrientationPortrait UIInterfaceOrientationLandscapeLeft UIInterfaceOrientationLandscapeRight";
				IPHONEOS_DEPLOYMENT_TARGET = 13.0;
				LD_RUNPATH_SEARCH_PATHS = (
					"$(inherited)",
					"@executable_path/Frameworks",
				);
				MARKETING_VERSION = 1.0;
				PRODUCT_BUNDLE_IDENTIFIER = "E-commerce";
				PRODUCT_NAME = "$(TARGET_NAME)";
				PROVISIONING_PROFILE_SPECIFIER = "";
				SWIFT_EMIT_LOC_STRINGS = YES;
				SWIFT_VERSION = 5.0;
				TARGETED_DEVICE_FAMILY = "1,2";
			};
			name = Debug;
		};
		EE3C6E1B28A198C5007F78BB /* Release */ = {
			isa = XCBuildConfiguration;
			baseConfigurationReference = 2280D8B6BF8DC781C5C5BC06 /* Pods-e-commerce.release.xcconfig */;
			buildSettings = {
				ASSETCATALOG_COMPILER_APPICON_NAME = AppIcon;
				ASSETCATALOG_COMPILER_GLOBAL_ACCENT_COLOR_NAME = AccentColor;
				CODE_SIGN_IDENTITY = "Apple Development";
				CODE_SIGN_STYLE = Automatic;
				CURRENT_PROJECT_VERSION = 1;
				DEVELOPMENT_TEAM = G2KS84NP5P;
				GENERATE_INFOPLIST_FILE = YES;
				INFOPLIST_FILE = "e-commerce/Resources/Info.plist";
				INFOPLIST_KEY_UIApplicationSupportsIndirectInputEvents = YES;
				INFOPLIST_KEY_UILaunchStoryboardName = LaunchScreen;
				INFOPLIST_KEY_UIMainStoryboardFile = Main;
				INFOPLIST_KEY_UISupportedInterfaceOrientations_iPad = "UIInterfaceOrientationPortrait UIInterfaceOrientationPortraitUpsideDown UIInterfaceOrientationLandscapeLeft UIInterfaceOrientationLandscapeRight";
				INFOPLIST_KEY_UISupportedInterfaceOrientations_iPhone = "UIInterfaceOrientationPortrait UIInterfaceOrientationLandscapeLeft UIInterfaceOrientationLandscapeRight";
				IPHONEOS_DEPLOYMENT_TARGET = 13.0;
				LD_RUNPATH_SEARCH_PATHS = (
					"$(inherited)",
					"@executable_path/Frameworks",
				);
				MARKETING_VERSION = 1.0;
				PRODUCT_BUNDLE_IDENTIFIER = "E-commerce";
				PRODUCT_NAME = "$(TARGET_NAME)";
				PROVISIONING_PROFILE_SPECIFIER = "";
				SWIFT_EMIT_LOC_STRINGS = YES;
				SWIFT_VERSION = 5.0;
				TARGETED_DEVICE_FAMILY = "1,2";
			};
			name = Release;
		};
/* End XCBuildConfiguration section */

/* Begin XCConfigurationList section */
		EE3C6E0028A198C4007F78BB /* Build configuration list for PBXProject "e-commerce" */ = {
			isa = XCConfigurationList;
			buildConfigurations = (
				EE3C6E1728A198C5007F78BB /* Debug */,
				EE3C6E1828A198C5007F78BB /* Release */,
			);
			defaultConfigurationIsVisible = 0;
			defaultConfigurationName = Release;
		};
		EE3C6E1928A198C5007F78BB /* Build configuration list for PBXNativeTarget "e-commerce" */ = {
			isa = XCConfigurationList;
			buildConfigurations = (
				EE3C6E1A28A198C5007F78BB /* Debug */,
				EE3C6E1B28A198C5007F78BB /* Release */,
			);
			defaultConfigurationIsVisible = 0;
			defaultConfigurationName = Release;
		};
/* End XCConfigurationList section */
	};
	rootObject = EE3C6DFD28A198C4007F78BB /* Project object */;
}
